
Microsoft Visual Studio Solution File, Format Version 12.00
# Visual Studio Version 17
VisualStudioVersion = 17.7.34031.279
MinimumVisualStudioVersion = 10.0.40219.1
Project("{FAE04EC0-301F-11D3-BF4B-00C04F79EFBC}") = "Практическая №7", "Практическая №7\Практическая №7.csproj", "{472C240C-BC66-42A5-876F-AE4C24687224}"
EndProject
Global
	GlobalSection(SolutionConfigurationPlatforms) = preSolution
		Debug|Any CPU = Debug|Any CPU
		Release|Any CPU = Release|Any CPU
	EndGlobalSection
	GlobalSection(ProjectConfigurationPlatforms) = postSolution
		{472C240C-BC66-42A5-876F-AE4C24687224}.Debug|Any CPU.ActiveCfg = Debug|Any CPU
		{472C240C-BC66-42A5-876F-AE4C24687224}.Debug|Any CPU.Build.0 = Debug|Any CPU
		{472C240C-BC66-42A5-876F-AE4C24687224}.Release|Any CPU.ActiveCfg = Release|Any CPU
		{472C240C-BC66-42A5-876F-AE4C24687224}.Release|Any CPU.Build.0 = Release|Any CPU
	EndGlobalSection
	GlobalSection(SolutionProperties) = preSolution
		HideSolutionNode = FALSE
	EndGlobalSection
	GlobalSection(ExtensibilityGlobals) = postSolution
		SolutionGuid = {D67EFBBF-FD93-4DE3-8888-704AF910D13F}
	EndGlobalSection
EndGlobal
